
Microsoft Visual Studio Solution File, Format Version 12.00
# Visual Studio Version 17
VisualStudioVersion = 17.7.34031.279
MinimumVisualStudioVersion = 10.0.40219.1
Project("{2150E333-8FDC-42A3-9474-1A3956D46DE8}") = "Solution Items", "Solution Items", "{8FC526EA-218B-4615-8410-4E1850611F38}"
	ProjectSection(SolutionItems) = preProject
		.editorconfig = .editorconfig
		.env = .env
		.gitignore = .gitignore
		LICENSE = LICENSE
		README.md = README.md
	EndProjectSection
EndProject
Project("{2150E333-8FDC-42A3-9474-1A3956D46DE8}") = "src", "src", "{64A28C1B-09AF-426E-8721-D002BE554B48}"
EndProject
Project("{2150E333-8FDC-42A3-9474-1A3956D46DE8}") = "tests", "tests", "{1EB88D85-BE1E-46DE-99A2-2F02363060AF}"
EndProject
Project("{E53339B2-1760-4266-BCC7-CA923CBCF16C}") = "docker-compose", "docker-compose.dcproj", "{34BB3069-D5D0-4046-ACAD-A2025ED7678F}"
EndProject
Project("{FAE04EC0-301F-11D3-BF4B-00C04F79EFBC}") = "TaskManager.API", "src\TaskManager.API\TaskManager.API.csproj", "{F88ACD90-DF91-2ADB-EA75-FBB6CEA6721F}"
EndProject
Project("{FAE04EC0-301F-11D3-BF4B-00C04F79EFBC}") = "TaskManager.Application", "src\TaskManager.Application\TaskManager.Application.csproj", "{6E06F02A-04B5-9E85-501E-9A2A2B9ED48F}"
EndProject
Project("{FAE04EC0-301F-11D3-BF4B-00C04F79EFBC}") = "TaskManager.Domain", "src\TaskManager.Domain\TaskManager.Domain.csproj", "{EB12761A-15DE-115E-8BCE-8ACB4F3AA373}"
EndProject
Project("{FAE04EC0-301F-11D3-BF4B-00C04F79EFBC}") = "TaskManager.Infrastructure", "src\TaskManager.Infrastructure\TaskManager.Infrastructure.csproj", "{86F97B45-98F9-4FF4-D142-01F3AF77EEBE}"
EndProject
Project("{FAE04EC0-301F-11D3-BF4B-00C04F79EFBC}") = "IdentityServer", "src\IdentityServer\IdentityServer.csproj", "{C59E54D8-EACC-47E6-134F-37FD472D165C}"
EndProject
Project("{FAE04EC0-301F-11D3-BF4B-00C04F79EFBC}") = "TaskManager.SharedKernel", "src\TaskManager.SharedKernel\TaskManager.SharedKernel.csproj", "{F8A88FB4-072D-25C7-10F4-F805E147650F}"
EndProject
Global
	GlobalSection(SolutionConfigurationPlatforms) = preSolution
		Debug|Any CPU = Debug|Any CPU
		Release|Any CPU = Release|Any CPU
	EndGlobalSection
	GlobalSection(ProjectConfigurationPlatforms) = postSolution
		{34BB3069-D5D0-4046-ACAD-A2025ED7678F}.Debug|Any CPU.ActiveCfg = Debug|Any CPU
		{34BB3069-D5D0-4046-ACAD-A2025ED7678F}.Debug|Any CPU.Build.0 = Debug|Any CPU
		{34BB3069-D5D0-4046-ACAD-A2025ED7678F}.Release|Any CPU.ActiveCfg = Release|Any CPU
		{34BB3069-D5D0-4046-ACAD-A2025ED7678F}.Release|Any CPU.Build.0 = Release|Any CPU
		{F88ACD90-DF91-2ADB-EA75-FBB6CEA6721F}.Debug|Any CPU.ActiveCfg = Debug|Any CPU
		{F88ACD90-DF91-2ADB-EA75-FBB6CEA6721F}.Debug|Any CPU.Build.0 = Debug|Any CPU
		{F88ACD90-DF91-2ADB-EA75-FBB6CEA6721F}.Release|Any CPU.ActiveCfg = Release|Any CPU
		{F88ACD90-DF91-2ADB-EA75-FBB6CEA6721F}.Release|Any CPU.Build.0 = Release|Any CPU
		{6E06F02A-04B5-9E85-501E-9A2A2B9ED48F}.Debug|Any CPU.ActiveCfg = Debug|Any CPU
		{6E06F02A-04B5-9E85-501E-9A2A2B9ED48F}.Debug|Any CPU.Build.0 = Debug|Any CPU
		{6E06F02A-04B5-9E85-501E-9A2A2B9ED48F}.Release|Any CPU.ActiveCfg = Release|Any CPU
		{6E06F02A-04B5-9E85-501E-9A2A2B9ED48F}.Release|Any CPU.Build.0 = Release|Any CPU
		{EB12761A-15DE-115E-8BCE-8ACB4F3AA373}.Debug|Any CPU.ActiveCfg = Debug|Any CPU
		{EB12761A-15DE-115E-8BCE-8ACB4F3AA373}.Debug|Any CPU.Build.0 = Debug|Any CPU
		{EB12761A-15DE-115E-8BCE-8ACB4F3AA373}.Release|Any CPU.ActiveCfg = Release|Any CPU
		{EB12761A-15DE-115E-8BCE-8ACB4F3AA373}.Release|Any CPU.Build.0 = Release|Any CPU
		{86F97B45-98F9-4FF4-D142-01F3AF77EEBE}.Debug|Any CPU.ActiveCfg = Debug|Any CPU
		{86F97B45-98F9-4FF4-D142-01F3AF77EEBE}.Debug|Any CPU.Build.0 = Debug|Any CPU
		{86F97B45-98F9-4FF4-D142-01F3AF77EEBE}.Release|Any CPU.ActiveCfg = Release|Any CPU
		{86F97B45-98F9-4FF4-D142-01F3AF77EEBE}.Release|Any CPU.Build.0 = Release|Any CPU
		{C59E54D8-EACC-47E6-134F-37FD472D165C}.Debug|Any CPU.ActiveCfg = Debug|Any CPU
		{C59E54D8-EACC-47E6-134F-37FD472D165C}.Debug|Any CPU.Build.0 = Debug|Any CPU
		{C59E54D8-EACC-47E6-134F-37FD472D165C}.Release|Any CPU.ActiveCfg = Release|Any CPU
		{C59E54D8-EACC-47E6-134F-37FD472D165C}.Release|Any CPU.Build.0 = Release|Any CPU
		{F8A88FB4-072D-25C7-10F4-F805E147650F}.Debug|Any CPU.ActiveCfg = Debug|Any CPU
		{F8A88FB4-072D-25C7-10F4-F805E147650F}.Debug|Any CPU.Build.0 = Debug|Any CPU
		{F8A88FB4-072D-25C7-10F4-F805E147650F}.Release|Any CPU.ActiveCfg = Release|Any CPU
		{F8A88FB4-072D-25C7-10F4-F805E147650F}.Release|Any CPU.Build.0 = Release|Any CPU
	EndGlobalSection
	GlobalSection(SolutionProperties) = preSolution
		HideSolutionNode = FALSE
	EndGlobalSection
	GlobalSection(NestedProjects) = preSolution
		{F88ACD90-DF91-2ADB-EA75-FBB6CEA6721F} = {64A28C1B-09AF-426E-8721-D002BE554B48}
		{6E06F02A-04B5-9E85-501E-9A2A2B9ED48F} = {64A28C1B-09AF-426E-8721-D002BE554B48}
		{EB12761A-15DE-115E-8BCE-8ACB4F3AA373} = {64A28C1B-09AF-426E-8721-D002BE554B48}
		{86F97B45-98F9-4FF4-D142-01F3AF77EEBE} = {64A28C1B-09AF-426E-8721-D002BE554B48}
		{C59E54D8-EACC-47E6-134F-37FD472D165C} = {64A28C1B-09AF-426E-8721-D002BE554B48}
		{F8A88FB4-072D-25C7-10F4-F805E147650F} = {64A28C1B-09AF-426E-8721-D002BE554B48}
	EndGlobalSection
	GlobalSection(ExtensibilityGlobals) = postSolution
		SolutionGuid = {B948A3CC-9872-4612-ABD2-BB3D49671542}
	EndGlobalSection
EndGlobal
